
Microsoft Visual Studio Solution File, Format Version 12.00
# Visual Studio 15
VisualStudioVersion = 15.0.26124.0
MinimumVisualStudioVersion = 15.0.26124.0
Project("{2150E333-8FDC-42A3-9474-1A3956D46DE8}") = "src", "src", "{64C2EE06-89C9-44A2-8BB5-55587F43FE2F}"
EndProject
Project("{FAE04EC0-301F-11D3-BF4B-00C04F79EFBC}") = "TermalDesign.App", "src\TermalDesign.App\TermalDesign.App.csproj", "{F2F8EB6A-DFAD-4D0F-9AF2-736580D0B80E}"
EndProject
Global
	GlobalSection(SolutionConfigurationPlatforms) = preSolution
		Debug|Any CPU = Debug|Any CPU
		Debug|x64 = Debug|x64
		Debug|x86 = Debug|x86
		Release|Any CPU = Release|Any CPU
		Release|x64 = Release|x64
		Release|x86 = Release|x86
	EndGlobalSection
	GlobalSection(SolutionProperties) = preSolution
		HideSolutionNode = FALSE
	EndGlobalSection
	GlobalSection(ProjectConfigurationPlatforms) = postSolution
		{F2F8EB6A-DFAD-4D0F-9AF2-736580D0B80E}.Debug|Any CPU.ActiveCfg = Debug|Any CPU
		{F2F8EB6A-DFAD-4D0F-9AF2-736580D0B80E}.Debug|Any CPU.Build.0 = Debug|Any CPU
		{F2F8EB6A-DFAD-4D0F-9AF2-736580D0B80E}.Debug|x64.ActiveCfg = Debug|x64
		{F2F8EB6A-DFAD-4D0F-9AF2-736580D0B80E}.Debug|x64.Build.0 = Debug|x64
		{F2F8EB6A-DFAD-4D0F-9AF2-736580D0B80E}.Debug|x86.ActiveCfg = Debug|x86
		{F2F8EB6A-DFAD-4D0F-9AF2-736580D0B80E}.Debug|x86.Build.0 = Debug|x86
		{F2F8EB6A-DFAD-4D0F-9AF2-736580D0B80E}.Release|Any CPU.ActiveCfg = Release|Any CPU
		{F2F8EB6A-DFAD-4D0F-9AF2-736580D0B80E}.Release|Any CPU.Build.0 = Release|Any CPU
		{F2F8EB6A-DFAD-4D0F-9AF2-736580D0B80E}.Release|x64.ActiveCfg = Release|x64
		{F2F8EB6A-DFAD-4D0F-9AF2-736580D0B80E}.Release|x64.Build.0 = Release|x64
		{F2F8EB6A-DFAD-4D0F-9AF2-736580D0B80E}.Release|x86.ActiveCfg = Release|x86
		{F2F8EB6A-DFAD-4D0F-9AF2-736580D0B80E}.Release|x86.Build.0 = Release|x86
	EndGlobalSection
	GlobalSection(NestedProjects) = preSolution
		{F2F8EB6A-DFAD-4D0F-9AF2-736580D0B80E} = {64C2EE06-89C9-44A2-8BB5-55587F43FE2F}
	EndGlobalSection
EndGlobal
